
Microsoft Visual Studio Solution File, Format Version 12.00
# Visual Studio Version 16
VisualStudioVersion = 16.0.29509.3
MinimumVisualStudioVersion = 10.0.40219.1
Project("{FAE04EC0-301F-11D3-BF4B-00C04F79EFBC}") = "ContosoUniversity", "ContosoUniversity.csproj", "{64509A44-DB87-47E0-9D3F-399FFD658BF0}"
EndProject
Global
	GlobalSection(SolutionConfigurationPlatforms) = preSolution
		Debug|Any CPU = Debug|Any CPU
		Release|Any CPU = Release|Any CPU
	EndGlobalSection
	GlobalSection(ProjectConfigurationPlatforms) = postSolution
		{64509A44-DB87-47E0-9D3F-399FFD658BF0}.Debug|Any CPU.ActiveCfg = Debug|Any CPU
		{64509A44-DB87-47E0-9D3F-399FFD658BF0}.Debug|Any CPU.Build.0 = Debug|Any CPU
		{64509A44-DB87-47E0-9D3F-399FFD658BF0}.Release|Any CPU.ActiveCfg = Release|Any CPU
		{64509A44-DB87-47E0-9D3F-399FFD658BF0}.Release|Any CPU.Build.0 = Release|Any CPU
	EndGlobalSection
	GlobalSection(SolutionProperties) = preSolution
		HideSolutionNode = FALSE
	EndGlobalSection
	GlobalSection(ExtensibilityGlobals) = postSolution
		SolutionGuid = {9227FEBA-5251-48F0-9E98-F230580845F3}
	EndGlobalSection
EndGlobal
