
Microsoft Visual Studio Solution File, Format Version 12.00
# Visual Studio Version 16
VisualStudioVersion = 16.0.29509.3
MinimumVisualStudioVersion = 10.0.40219.1
Project("{FAE04EC0-301F-11D3-BF4B-00C04F79EFBC}") = "ConsoleApplication", "ConsoleApplication.csproj", "{ABC1DE0B-D776-473D-A4D3-B5DB30E979D0}"
EndProject
Global
	GlobalSection(SolutionConfigurationPlatforms) = preSolution
		Debug|Any CPU = Debug|Any CPU
		Release|Any CPU = Release|Any CPU
	EndGlobalSection
	GlobalSection(ProjectConfigurationPlatforms) = postSolution
		{ABC1DE0B-D776-473D-A4D3-B5DB30E979D0}.Debug|Any CPU.ActiveCfg = Debug|Any CPU
		{ABC1DE0B-D776-473D-A4D3-B5DB30E979D0}.Debug|Any CPU.Build.0 = Debug|Any CPU
		{ABC1DE0B-D776-473D-A4D3-B5DB30E979D0}.Release|Any CPU.ActiveCfg = Release|Any CPU
		{ABC1DE0B-D776-473D-A4D3-B5DB30E979D0}.Release|Any CPU.Build.0 = Release|Any CPU
	EndGlobalSection
	GlobalSection(SolutionProperties) = preSolution
		HideSolutionNode = FALSE
	EndGlobalSection
	GlobalSection(ExtensibilityGlobals) = postSolution
		SolutionGuid = {FFC1A478-D12C-49C6-9780-C0EC7E73EE29}
	EndGlobalSection
EndGlobal
