
Microsoft Visual Studio Solution File, Format Version 12.00
# Visual Studio Version 16
VisualStudioVersion = 16.0.29509.3
MinimumVisualStudioVersion = 10.0.40219.1
Project("{FAE04EC0-301F-11D3-BF4B-00C04F79EFBC}") = "MathQuiz", "MathQuiz.csproj", "{E67531AA-D339-4DEB-8333-49D0DAE6EF99}"
EndProject
Global
	GlobalSection(SolutionConfigurationPlatforms) = preSolution
		Debug|Any CPU = Debug|Any CPU
		Release|Any CPU = Release|Any CPU
	EndGlobalSection
	GlobalSection(ProjectConfigurationPlatforms) = postSolution
		{E67531AA-D339-4DEB-8333-49D0DAE6EF99}.Debug|Any CPU.ActiveCfg = Debug|Any CPU
		{E67531AA-D339-4DEB-8333-49D0DAE6EF99}.Debug|Any CPU.Build.0 = Debug|Any CPU
		{E67531AA-D339-4DEB-8333-49D0DAE6EF99}.Release|Any CPU.ActiveCfg = Release|Any CPU
		{E67531AA-D339-4DEB-8333-49D0DAE6EF99}.Release|Any CPU.Build.0 = Release|Any CPU
	EndGlobalSection
	GlobalSection(SolutionProperties) = preSolution
		HideSolutionNode = FALSE
	EndGlobalSection
	GlobalSection(ExtensibilityGlobals) = postSolution
		SolutionGuid = {6FF62472-B81F-4B95-BEB7-9847DA897D52}
	EndGlobalSection
EndGlobal
